
Microsoft Visual Studio Solution File, Format Version 12.00
# Visual Studio 15
VisualStudioVersion = 15.0.27428.1
MinimumVisualStudioVersion = 10.0.40219.1
Project("{8BC9CEB8-8B4A-11D0-8D11-00A0C91BC942}") = "NN3", "NN3\NN3.vcxproj", "{CEFEF399-C256-45CB-AEE7-478BBBAEB983}"
EndProject
Global
	GlobalSection(SolutionConfigurationPlatforms) = preSolution
		Debug|x64 = Debug|x64
		Debug|x86 = Debug|x86
		Release|x64 = Release|x64
		Release|x86 = Release|x86
	EndGlobalSection
	GlobalSection(ProjectConfigurationPlatforms) = postSolution
		{CEFEF399-C256-45CB-AEE7-478BBBAEB983}.Debug|x64.ActiveCfg = Debug|x64
		{CEFEF399-C256-45CB-AEE7-478BBBAEB983}.Debug|x64.Build.0 = Debug|x64
		{CEFEF399-C256-45CB-AEE7-478BBBAEB983}.Debug|x86.ActiveCfg = Debug|Win32
		{CEFEF399-C256-45CB-AEE7-478BBBAEB983}.Debug|x86.Build.0 = Debug|Win32
		{CEFEF399-C256-45CB-AEE7-478BBBAEB983}.Release|x64.ActiveCfg = Release|x64
		{CEFEF399-C256-45CB-AEE7-478BBBAEB983}.Release|x64.Build.0 = Release|x64
		{CEFEF399-C256-45CB-AEE7-478BBBAEB983}.Release|x86.ActiveCfg = Release|Win32
		{CEFEF399-C256-45CB-AEE7-478BBBAEB983}.Release|x86.Build.0 = Release|Win32
	EndGlobalSection
	GlobalSection(SolutionProperties) = preSolution
		HideSolutionNode = FALSE
	EndGlobalSection
	GlobalSection(ExtensibilityGlobals) = postSolution
		SolutionGuid = {8AC2D133-F9C0-4812-80A2-935B4E73C96A}
	EndGlobalSection
EndGlobal
